
Microsoft Visual Studio Solution File, Format Version 12.00
# Visual Studio Version 16
Project("{8BC9CEB8-8B4A-11D0-8D11-00A0C91BC942}") = "Testbed", "..\Testbed\Testbed.vcxproj", "{70E0D639-DCBF-55D5-E5D7-E0AB5136BC36}"
EndProject
Project("{8BC9CEB8-8B4A-11D0-8D11-00A0C91BC942}") = "RkPlayer", "..\Engine\RkPlayer\RkPlayer.vcxproj", "{6F28D717-5BF5-3123-840E-20CB703A67B1}"
EndProject
Project("{8BC9CEB8-8B4A-11D0-8D11-00A0C91BC942}") = "premake", "..\thirdparties\premake\premake.vcxproj", "{8A6487C2-F643-065E-FF5B-91346BBA6CBF}"
EndProject
Project("{8BC9CEB8-8B4A-11D0-8D11-00A0C91BC942}") = "tests", "..\tests\tests.vcxproj", "{78756B10-E489-93C1-AD0B-372119DF8FF2}"
EndProject
Global
	GlobalSection(SolutionConfigurationPlatforms) = preSolution
		Debug|x64 = Debug|x64
		Development|x64 = Development|x64
		Release|x64 = Release|x64
	EndGlobalSection
	GlobalSection(ProjectConfigurationPlatforms) = postSolution
		{70E0D639-DCBF-55D5-E5D7-E0AB5136BC36}.Debug|x64.ActiveCfg = Debug|x64
		{70E0D639-DCBF-55D5-E5D7-E0AB5136BC36}.Debug|x64.Build.0 = Debug|x64
		{70E0D639-DCBF-55D5-E5D7-E0AB5136BC36}.Development|x64.ActiveCfg = Development|x64
		{70E0D639-DCBF-55D5-E5D7-E0AB5136BC36}.Development|x64.Build.0 = Development|x64
		{70E0D639-DCBF-55D5-E5D7-E0AB5136BC36}.Release|x64.ActiveCfg = Release|x64
		{70E0D639-DCBF-55D5-E5D7-E0AB5136BC36}.Release|x64.Build.0 = Release|x64
		{6F28D717-5BF5-3123-840E-20CB703A67B1}.Debug|x64.ActiveCfg = Debug|x64
		{6F28D717-5BF5-3123-840E-20CB703A67B1}.Debug|x64.Build.0 = Debug|x64
		{6F28D717-5BF5-3123-840E-20CB703A67B1}.Development|x64.ActiveCfg = Development|x64
		{6F28D717-5BF5-3123-840E-20CB703A67B1}.Development|x64.Build.0 = Development|x64
		{6F28D717-5BF5-3123-840E-20CB703A67B1}.Release|x64.ActiveCfg = Release|x64
		{6F28D717-5BF5-3123-840E-20CB703A67B1}.Release|x64.Build.0 = Release|x64
		{8A6487C2-F643-065E-FF5B-91346BBA6CBF}.Debug|x64.ActiveCfg = Debug|x64
		{8A6487C2-F643-065E-FF5B-91346BBA6CBF}.Debug|x64.Build.0 = Debug|x64
		{8A6487C2-F643-065E-FF5B-91346BBA6CBF}.Development|x64.ActiveCfg = Development|x64
		{8A6487C2-F643-065E-FF5B-91346BBA6CBF}.Development|x64.Build.0 = Development|x64
		{8A6487C2-F643-065E-FF5B-91346BBA6CBF}.Release|x64.ActiveCfg = Release|x64
		{8A6487C2-F643-065E-FF5B-91346BBA6CBF}.Release|x64.Build.0 = Release|x64
		{78756B10-E489-93C1-AD0B-372119DF8FF2}.Debug|x64.ActiveCfg = Debug|x64
		{78756B10-E489-93C1-AD0B-372119DF8FF2}.Debug|x64.Build.0 = Debug|x64
		{78756B10-E489-93C1-AD0B-372119DF8FF2}.Development|x64.ActiveCfg = Development|x64
		{78756B10-E489-93C1-AD0B-372119DF8FF2}.Development|x64.Build.0 = Development|x64
		{78756B10-E489-93C1-AD0B-372119DF8FF2}.Release|x64.ActiveCfg = Release|x64
		{78756B10-E489-93C1-AD0B-372119DF8FF2}.Release|x64.Build.0 = Release|x64
	EndGlobalSection
	GlobalSection(SolutionProperties) = preSolution
		HideSolutionNode = FALSE
	EndGlobalSection
EndGlobal
